
Microsoft Visual Studio Solution File, Format Version 12.00
# Visual Studio Version 16
VisualStudioVersion = 16.0.30907.101
MinimumVisualStudioVersion = 10.0.40219.1
Project("{8BC9CEB8-8B4A-11D0-8D11-00A0C91BC942}") = "Compiler", "Compiler\Compiler.vcxproj", "{58FA4CDC-6BC3-4B12-ABE5-32F9D71010B1}"
EndProject
Project("{8BC9CEB8-8B4A-11D0-8D11-00A0C91BC942}") = "TokenAnalyzerUnitTest", "TokenAnalyzerUnitTest\TokenAnalyzerUnitTest.vcxproj", "{2A9F61C6-02FF-4DBC-9451-C00909A10443}"
EndProject
Project("{8BC9CEB8-8B4A-11D0-8D11-00A0C91BC942}") = "ParserUnitTest", "ParserUnitTest\ParserUnitTest.vcxproj", "{0EE3CFC5-63F0-462F-954F-0463B650DA81}"
EndProject
Project("{8BC9CEB8-8B4A-11D0-8D11-00A0C91BC942}") = "SemanticUnitTest", "SemanticUnitTest\SemanticUnitTest.vcxproj", "{9664928C-BFFA-497F-8D1A-B7A29E8FCD06}"
EndProject
Global
	GlobalSection(SolutionConfigurationPlatforms) = preSolution
		Debug|x64 = Debug|x64
		Debug|x86 = Debug|x86
		DebugOnlyLexical|x64 = DebugOnlyLexical|x64
		DebugOnlyLexical|x86 = DebugOnlyLexical|x86
		Release|x64 = Release|x64
		Release|x86 = Release|x86
	EndGlobalSection
	GlobalSection(ProjectConfigurationPlatforms) = postSolution
		{58FA4CDC-6BC3-4B12-ABE5-32F9D71010B1}.Debug|x64.ActiveCfg = Debug|x64
		{58FA4CDC-6BC3-4B12-ABE5-32F9D71010B1}.Debug|x64.Build.0 = Debug|x64
		{58FA4CDC-6BC3-4B12-ABE5-32F9D71010B1}.Debug|x86.ActiveCfg = Debug|Win32
		{58FA4CDC-6BC3-4B12-ABE5-32F9D71010B1}.Debug|x86.Build.0 = Debug|Win32
		{58FA4CDC-6BC3-4B12-ABE5-32F9D71010B1}.DebugOnlyLexical|x64.ActiveCfg = DebugOnlyLexical|x64
		{58FA4CDC-6BC3-4B12-ABE5-32F9D71010B1}.DebugOnlyLexical|x64.Build.0 = DebugOnlyLexical|x64
		{58FA4CDC-6BC3-4B12-ABE5-32F9D71010B1}.DebugOnlyLexical|x86.ActiveCfg = DebugOnlyLexical|Win32
		{58FA4CDC-6BC3-4B12-ABE5-32F9D71010B1}.DebugOnlyLexical|x86.Build.0 = DebugOnlyLexical|Win32
		{58FA4CDC-6BC3-4B12-ABE5-32F9D71010B1}.Release|x64.ActiveCfg = Release|x64
		{58FA4CDC-6BC3-4B12-ABE5-32F9D71010B1}.Release|x64.Build.0 = Release|x64
		{58FA4CDC-6BC3-4B12-ABE5-32F9D71010B1}.Release|x86.ActiveCfg = Release|Win32
		{58FA4CDC-6BC3-4B12-ABE5-32F9D71010B1}.Release|x86.Build.0 = Release|Win32
		{2A9F61C6-02FF-4DBC-9451-C00909A10443}.Debug|x64.ActiveCfg = Debug|x64
		{2A9F61C6-02FF-4DBC-9451-C00909A10443}.Debug|x64.Build.0 = Debug|x64
		{2A9F61C6-02FF-4DBC-9451-C00909A10443}.Debug|x86.ActiveCfg = Debug|Win32
		{2A9F61C6-02FF-4DBC-9451-C00909A10443}.Debug|x86.Build.0 = Debug|Win32
		{2A9F61C6-02FF-4DBC-9451-C00909A10443}.DebugOnlyLexical|x64.ActiveCfg = DebugOnlyLexical|x64
		{2A9F61C6-02FF-4DBC-9451-C00909A10443}.DebugOnlyLexical|x64.Build.0 = DebugOnlyLexical|x64
		{2A9F61C6-02FF-4DBC-9451-C00909A10443}.DebugOnlyLexical|x86.ActiveCfg = DebugOnlyLexical|Win32
		{2A9F61C6-02FF-4DBC-9451-C00909A10443}.DebugOnlyLexical|x86.Build.0 = DebugOnlyLexical|Win32
		{2A9F61C6-02FF-4DBC-9451-C00909A10443}.Release|x64.ActiveCfg = Release|x64
		{2A9F61C6-02FF-4DBC-9451-C00909A10443}.Release|x64.Build.0 = Release|x64
		{2A9F61C6-02FF-4DBC-9451-C00909A10443}.Release|x86.ActiveCfg = Release|Win32
		{2A9F61C6-02FF-4DBC-9451-C00909A10443}.Release|x86.Build.0 = Release|Win32
		{0EE3CFC5-63F0-462F-954F-0463B650DA81}.Debug|x64.ActiveCfg = Debug|x64
		{0EE3CFC5-63F0-462F-954F-0463B650DA81}.Debug|x64.Build.0 = Debug|x64
		{0EE3CFC5-63F0-462F-954F-0463B650DA81}.Debug|x86.ActiveCfg = Debug|Win32
		{0EE3CFC5-63F0-462F-954F-0463B650DA81}.Debug|x86.Build.0 = Debug|Win32
		{0EE3CFC5-63F0-462F-954F-0463B650DA81}.DebugOnlyLexical|x64.ActiveCfg = Debug|x64
		{0EE3CFC5-63F0-462F-954F-0463B650DA81}.DebugOnlyLexical|x64.Build.0 = Debug|x64
		{0EE3CFC5-63F0-462F-954F-0463B650DA81}.DebugOnlyLexical|x86.ActiveCfg = Debug|Win32
		{0EE3CFC5-63F0-462F-954F-0463B650DA81}.DebugOnlyLexical|x86.Build.0 = Debug|Win32
		{0EE3CFC5-63F0-462F-954F-0463B650DA81}.Release|x64.ActiveCfg = Release|x64
		{0EE3CFC5-63F0-462F-954F-0463B650DA81}.Release|x64.Build.0 = Release|x64
		{0EE3CFC5-63F0-462F-954F-0463B650DA81}.Release|x86.ActiveCfg = Release|Win32
		{0EE3CFC5-63F0-462F-954F-0463B650DA81}.Release|x86.Build.0 = Release|Win32
		{9664928C-BFFA-497F-8D1A-B7A29E8FCD06}.Debug|x64.ActiveCfg = Debug|x64
		{9664928C-BFFA-497F-8D1A-B7A29E8FCD06}.Debug|x64.Build.0 = Debug|x64
		{9664928C-BFFA-497F-8D1A-B7A29E8FCD06}.Debug|x86.ActiveCfg = Debug|Win32
		{9664928C-BFFA-497F-8D1A-B7A29E8FCD06}.Debug|x86.Build.0 = Debug|Win32
		{9664928C-BFFA-497F-8D1A-B7A29E8FCD06}.DebugOnlyLexical|x64.ActiveCfg = Debug|x64
		{9664928C-BFFA-497F-8D1A-B7A29E8FCD06}.DebugOnlyLexical|x64.Build.0 = Debug|x64
		{9664928C-BFFA-497F-8D1A-B7A29E8FCD06}.DebugOnlyLexical|x86.ActiveCfg = Debug|Win32
		{9664928C-BFFA-497F-8D1A-B7A29E8FCD06}.DebugOnlyLexical|x86.Build.0 = Debug|Win32
		{9664928C-BFFA-497F-8D1A-B7A29E8FCD06}.Release|x64.ActiveCfg = Release|x64
		{9664928C-BFFA-497F-8D1A-B7A29E8FCD06}.Release|x64.Build.0 = Release|x64
		{9664928C-BFFA-497F-8D1A-B7A29E8FCD06}.Release|x86.ActiveCfg = Release|Win32
		{9664928C-BFFA-497F-8D1A-B7A29E8FCD06}.Release|x86.Build.0 = Release|Win32
	EndGlobalSection
	GlobalSection(SolutionProperties) = preSolution
		HideSolutionNode = FALSE
	EndGlobalSection
	GlobalSection(ExtensibilityGlobals) = postSolution
		SolutionGuid = {187043DA-F174-448D-9E99-69B78BB60281}
	EndGlobalSection
EndGlobal
